dependencies:
- name: prometheus
  repository: https://prometheus-community.github.io/helm-charts
  version: 28.13.0
- name: grafana
  repository: https://grafana.github.io/helm-charts
  version: 8.5.0
- name: loki
  repository: https://grafana.github.io/helm-charts
  version: 6.55.0
digest: sha256:c68001f5026bae0faeb309950111609a09b45c0fb162238746dddb386b79601a
generated: "2026-04-11T18:16:42.209938+03:00"
